# This file is automatically @generated by Cargo.
# It is not intended for manual editing.
version = 4

[[package]]
name = "adler2"
version = "2.0.1"
source = "registry+https://github.com/rust-lang/crates.io-index"
checksum = "320119579fcad9c21884f5c4861d16174d0e06250625266f50fe6898340abefa"

[[package]]
name = "allocator-api2"
version = "0.2.21"
source = "registry+https://github.com/rust-lang/crates.io-index"
checksum = "683d7910e743518b0e34f1186f92494becacb047c7b6bf616c96772180fef923"

[[package]]
name = "app-about"
version = "0.5.0"
dependencies = [
 "aurora",
 "ripple",
]

[[package]]
name = "app-activity"
version = "0.5.0"
dependencies = [
 "aurora",
 "ripple",
]

[[package]]
name = "app-calculator"
version = "0.5.0"
dependencies = [
 "aurora",
 "ripple",
]

[[package]]
name = "app-clock"
version = "0.5.0"
dependencies = [
 "aurora",
 "ripple",
]

[[package]]
name = "app-files"
version = "0.5.0"
dependencies = [
 "aurora",
 "aurora-image",
 "ripple",
]

[[package]]
name = "app-notes"
version = "0.5.0"
dependencies = [
 "aurora",
 "ripple",
]

[[package]]
name = "app-paint"
version = "0.5.0"
dependencies = [
 "aurora",
 "aurora-image",
 "libm",
 "ripple",
]

[[package]]
name = "app-preview"
version = "0.5.0"
dependencies = [
 "aurora",
 "aurora-image",
 "ripple",
]

[[package]]
name = "app-settings"
version = "0.5.0"
dependencies = [
 "aurora",
 "aurora-image",
 "ripple",
]

[[package]]
name = "app-terminal"
version = "0.5.0"
dependencies = [
 "aurora",
 "ripple",
]

[[package]]
name = "app-welcome"
version = "0.5.0"
dependencies = [
 "aurora",
 "ripple",
]

[[package]]
name = "aurora"
version = "0.5.0"
dependencies = [
 "aurora-abi",
 "aurora-wav",
 "linked_list_allocator",
]

[[package]]
name = "aurora-abi"
version = "0.5.0"

[[package]]
name = "aurora-gfx"
version = "0.5.0"
dependencies = [
 "fontdue",
 "spin",
]

[[package]]
name = "aurora-image"
version = "0.5.0"
dependencies = [
 "miniz_oxide",
]

[[package]]
name = "aurora-wav"
version = "0.5.0"

[[package]]
name = "core_maths"
version = "0.1.1"
source = "registry+https://github.com/rust-lang/crates.io-index"
checksum = "77745e017f5edba1a9c1d854f6f3a52dac8a12dd5af5d2f54aecf61e43d80d30"
dependencies = [
 "libm",
]

[[package]]
name = "coreutils"
version = "0.5.0"
dependencies = [
 "aurora",
 "libm",
]

[[package]]
name = "crashtest"
version = "0.5.0"
dependencies = [
 "aurora",
]

[[package]]
name = "equivalent"
version = "1.0.2"
source = "registry+https://github.com/rust-lang/crates.io-index"
checksum = "877a4ace8713b0bcf2a4e7eec82529c029f1d0619886d18145fea96c3ffe5c0f"

[[package]]
name = "foldhash"
version = "0.1.5"
source = "registry+https://github.com/rust-lang/crates.io-index"
checksum = "d9c4f5dac5e15c24eb999c26181a6ca40b39fe946cbe4c263c7209467bc83af2"

[[package]]
name = "fontdue"
version = "0.9.4"
source = "registry+https://github.com/rust-lang/crates.io-index"
checksum = "7894823fa221401399e2598f8b63f81ac77ff5c63248b7656779bff1632d7d3d"
dependencies = [
 "hashbrown",
 "ttf-parser",
]

[[package]]
name = "hashbrown"
version = "0.15.5"
source = "registry+https://github.com/rust-lang/crates.io-index"
checksum = "9229cfe53dfd69f0609a49f65461bd93001ea1ef889cd5529dd176593f5338a1"
dependencies = [
 "allocator-api2",
 "equivalent",
 "foldhash",
]

[[package]]
name = "hello"
version = "0.5.0"
dependencies = [
 "aurora",
]

[[package]]
name = "libm"
version = "0.2.16"
source = "registry+https://github.com/rust-lang/crates.io-index"
checksum = "b6d2cec3eae94f9f509c767b45932f1ada8350c4bdb85af2fcab4a3c14807981"

[[package]]
name = "linked_list_allocator"
version = "0.10.6"
source = "registry+https://github.com/rust-lang/crates.io-index"
checksum = "2b23ac50abb8261cb38c6e2a7192d3302e0836dac1628f6a93b82b4fad185897"
dependencies = [
 "spinning_top",
]

[[package]]
name = "lock_api"
version = "0.4.14"
source = "registry+https://github.com/rust-lang/crates.io-index"
checksum = "224399e74b87b5f3557511d98dff8b14089b3dadafcab6bb93eab67d3aace965"
dependencies = [
 "scopeguard",
]

[[package]]
name = "miniz_oxide"
version = "0.8.9"
source = "registry+https://github.com/rust-lang/crates.io-index"
checksum = "1fa76a2c86f704bdb222d66965fb3d63269ce38518b83cb0575fca855ebb6316"
dependencies = [
 "adler2",
]

[[package]]
name = "ripple"
version = "0.5.0"
dependencies = [
 "aurora",
 "aurora-gfx",
]

[[package]]
name = "scopeguard"
version = "1.2.0"
source = "registry+https://github.com/rust-lang/crates.io-index"
checksum = "94143f37725109f92c262ed2cf5e59bce7498c01bcc1502d7b9afe439a4e9f49"

[[package]]
name = "spin"
version = "0.9.9"
source = "registry+https://github.com/rust-lang/crates.io-index"
checksum = "3763264f6b73151db08c50ff20d7d8a0b8796e021cdea7ceedad07b80155fa0e"
dependencies = [
 "lock_api",
]

[[package]]
name = "spinning_top"
version = "0.2.5"
source = "registry+https://github.com/rust-lang/crates.io-index"
checksum = "5b9eb1a2f4c41445a3a0ff9abc5221c5fcd28e1f13cd7c0397706f9ac938ddb0"
dependencies = [
 "lock_api",
]

[[package]]
name = "ttf-parser"
version = "0.25.1"
source = "registry+https://github.com/rust-lang/crates.io-index"
checksum = "d2df906b07856748fa3f6e0ad0cbaa047052d4a7dd609e231c4f72cee8c36f31"
dependencies = [
 "core_maths",
]

[[package]]
name = "usertest"
version = "0.5.0"
dependencies = [
 "aurora",
]
